
Microsoft Visual Studio Solution File, Format Version 12.00
# Visual Studio 15
VisualStudioVersion = 15.0.26730.16
MinimumVisualStudioVersion = 10.0.40219.1
Project("{8BC9CEB8-8B4A-11D0-8D11-00A0C91BC942}") = "nes_emulator", "nes_emulator\nes_emulator.vcxproj", "{F7A85809-C4EE-421C-B982-41D2926CF1AE}"
EndProject
Global
	GlobalSection(SolutionConfigurationPlatforms) = preSolution
		Debug|x64 = Debug|x64
		Debug|x86 = Debug|x86
		Release|x64 = Release|x64
		Release|x86 = Release|x86
	EndGlobalSection
	GlobalSection(ProjectConfigurationPlatforms) = postSolution
		{F7A85809-C4EE-421C-B982-41D2926CF1AE}.Debug|x64.ActiveCfg = Debug|x64
		{F7A85809-C4EE-421C-B982-41D2926CF1AE}.Debug|x64.Build.0 = Debug|x64
		{F7A85809-C4EE-421C-B982-41D2926CF1AE}.Debug|x86.ActiveCfg = Debug|Win32
		{F7A85809-C4EE-421C-B982-41D2926CF1AE}.Debug|x86.Build.0 = Debug|Win32
		{F7A85809-C4EE-421C-B982-41D2926CF1AE}.Release|x64.ActiveCfg = Release|x64
		{F7A85809-C4EE-421C-B982-41D2926CF1AE}.Release|x64.Build.0 = Release|x64
		{F7A85809-C4EE-421C-B982-41D2926CF1AE}.Release|x86.ActiveCfg = Release|Win32
		{F7A85809-C4EE-421C-B982-41D2926CF1AE}.Release|x86.Build.0 = Release|Win32
	EndGlobalSection
	GlobalSection(SolutionProperties) = preSolution
		HideSolutionNode = FALSE
	EndGlobalSection
	GlobalSection(ExtensibilityGlobals) = postSolution
		SolutionGuid = {137ACB51-E097-4B93-81AC-75E3305CE982}
	EndGlobalSection
EndGlobal
